// !$*UTF8*$!
{
	archiveVersion = 1;
	classes = {
	};
	objectVersion = 46;
	objects = {

/* Begin PBXBuildFile section */
		F93F053C1992B6F500CB66D8 /* Foundation.framework in Frameworks */ = {isa = PBXBuildFile; fileRef = F93F053B1992B6F500CB66D8 /* Foundation.framework */; };
		F93F053E1992B6F500CB66D8 /* CoreGraphics.framework in Frameworks */ = {isa = PBXBuildFile; fileRef = F93F053D1992B6F500CB66D8 /* CoreGraphics.framework */; };
		F93F05401992B6F500CB66D8 /* UIKit.framework in Frameworks */ = {isa = PBXBuildFile; fileRef = F93F053F1992B6F500CB66D8 /* UIKit.framework */; };
		F93F05461992B6F500CB66D8 /* InfoPlist.strings in Resources */ = {isa = PBXBuildFile; fileRef = F93F05441992B6F500CB66D8 /* InfoPlist.strings */; };
		F93F05481992B6F500CB66D8 /* main.m in Sources */ = {isa = PBXBuildFile; fileRef = F93F05471992B6F500CB66D8 /* main.m */; };
		F93F054C1992B6F500CB66D8 /* AppDelegate.m in Sources */ = {isa = PBXBuildFile; fileRef = F93F054B1992B6F500CB66D8 /* AppDelegate.m */; };
		F93F054F1992B6F500CB66D8 /* Main.storyboard in Resources */ = {isa = PBXBuildFile; fileRef = F93F054D1992B6F500CB66D8 /* Main.storyboard */; };
		F93F05521992B6F500CB66D8 /* ViewController.m in Sources */ = {isa = PBXBuildFile; fileRef = F93F05511992B6F500CB66D8 /* ViewController.m */; };
		F93F05541992B6F500CB66D8 /* Images.xcassets in Resources */ = {isa = PBXBuildFile; fileRef = F93F05531992B6F500CB66D8 /* Images.xcassets */; };
		F93F055B1992B6F500CB66D8 /* XCTest.framework in Frameworks */ = {isa = PBXBuildFile; fileRef = F93F055A1992B6F500CB66D8 /* XCTest.framework */; };
		F93F055C1992B6F500CB66D8 /* Foundation.framework in Frameworks */ = {isa = PBXBuildFile; fileRef = F93F053B1992B6F500CB66D8 /* Foundation.framework */; };
		F93F055D1992B6F500CB66D8 /* UIKit.framework in Frameworks */ = {isa = PBXBuildFile; fileRef = F93F053F1992B6F500CB66D8 /* UIKit.framework */; };
		F93F05651992B6F500CB66D8 /* InfoPlist.strings in Resources */ = {isa = PBXBuildFile; fileRef = F93F05631992B6F500CB66D8 /* InfoPlist.strings */; };
		F93F05671992B6F500CB66D8 /* ZaHunterTests.m in Sources */ = {isa = PBXBuildFile; fileRef = F93F05661992B6F500CB66D8 /* ZaHunterTests.m */; };
		F93F05741992C08E00CB66D8 /* CoreLocation.framework in Frameworks */ = {isa = PBXBuildFile; fileRef = F93F05731992C08E00CB66D8 /* CoreLocation.framework */; };
		F93F0577199314CA00CB66D8 /* Pizzaria.m in Sources */ = {isa = PBXBuildFile; fileRef = F93F0576199314CA00CB66D8 /* Pizzaria.m */; };
/* End PBXBuildFile section */

/* Begin PBXContainerItemProxy section */
		F93F055E1992B6F500CB66D8 /* PBXContainerItemProxy */ = {
			isa = PBXContainerItemProxy;
			containerPortal = F93F05301992B6F500CB66D8 /* Project object */;
			proxyType = 1;
			remoteGlobalIDString = F93F05371992B6F500CB66D8;
			remoteInfo = ZaHunter;
		};
/* End PBXContainerItemProxy section */

/* Begin PBXFileReference section */
		F93F05381992B6F500CB66D8 /* ZaHunter.app */ = {isa = PBXFileReference; explicitFileType = wrapper.application; includeInIndex = 0; path = ZaHunter.app; sourceTree = BUILT_PRODUCTS_DIR; };
		F93F053B1992B6F500CB66D8 /* Foundation.framework */ = {isa = PBXFileReference; lastKnownFileType = wrapper.framework; name = Foundation.framework; path = System/Library/Frameworks/Foundation.framework; sourceTree = SDKROOT; };
		F93F053D1992B6F500CB66D8 /* CoreGraphics.framework */ = {isa = PBXFileReference; lastKnownFileType = wrapper.framework; name = CoreGraphics.framework; path = System/Library/Frameworks/CoreGraphics.framework; sourceTree = SDKROOT; };
		F93F053F1992B6F500CB66D8 /* UIKit.framework */ = {isa = PBXFileReference; lastKnownFileType = wrapper.framework; name = UIKit.framework; path = System/Library/Frameworks/UIKit.framework; sourceTree = SDKROOT; };
		F93F05431992B6F500CB66D8 /* ZaHunter-Info.plist */ = {isa = PBXFileReference; lastKnownFileType = text.plist.xml; path = "ZaHunter-Info.plist"; sourceTree = "<group>"; };
		F93F05451992B6F500CB66D8 /* en */ = {isa = PBXFileReference; lastKnownFileType = text.plist.strings; name = en; path = en.lproj/InfoPlist.strings; sourceTree = "<group>"; };
		F93F05471992B6F500CB66D8 /* main.m */ = {isa = PBXFileReference; lastKnownFileType = sourcecode.c.objc; path = main.m; sourceTree = "<group>"; };
		F93F05491992B6F500CB66D8 /* ZaHunter-Prefix.pch */ = {isa = PBXFileReference; lastKnownFileType = sourcecode.c.h; path = "ZaHunter-Prefix.pch"; sourceTree = "<group>"; };
		F93F054A1992B6F500CB66D8 /* AppDelegate.h */ = {isa = PBXFileReference; lastKnownFileType = sourcecode.c.h; path = AppDelegate.h; sourceTree = "<group>"; };
		F93F054B1992B6F500CB66D8 /* AppDelegate.m */ = {isa = PBXFileReference; lastKnownFileType = sourcecode.c.objc; path = AppDelegate.m; sourceTree = "<group>"; };
		F93F054E1992B6F500CB66D8 /* Base */ = {isa = PBXFileReference; lastKnownFileType = file.storyboard; name = Base; path = Base.lproj/Main.storyboard; sourceTree = "<group>"; };
		F93F05501992B6F500CB66D8 /* ViewController.h */ = {isa = PBXFileReference; lastKnownFileType = sourcecode.c.h; path = ViewController.h; sourceTree = "<group>"; };
		F93F05511992B6F500CB66D8 /* ViewController.m */ = {isa = PBXFileReference; lastKnownFileType = sourcecode.c.objc; path = ViewController.m; sourceTree = "<group>"; };
		F93F05531992B6F500CB66D8 /* Images.xcassets */ = {isa = PBXFileReference; lastKnownFileType = folder.assetcatalog; path = Images.xcassets; sourceTree = "<group>"; };
		F93F05591992B6F500CB66D8 /* ZaHunterTests.xctest */ = {isa = PBXFileReference; explicitFileType = wrapper.cfbundle; includeInIndex = 0; path = ZaHunterTests.xctest; sourceTree = BUILT_PRODUCTS_DIR; };
		F93F055A1992B6F500CB66D8 /* XCTest.framework */ = {isa = PBXFileReference; lastKnownFileType = wrapper.framework; name = XCTest.framework; path = Library/Frameworks/XCTest.framework; sourceTree = DEVELOPER_DIR; };
		F93F05621992B6F500CB66D8 /* ZaHunterTests-Info.plist */ = {isa = PBXFileReference; lastKnownFileType = text.plist.xml; path = "ZaHunterTests-Info.plist"; sourceTree = "<group>"; };
		F93F05641992B6F500CB66D8 /* en */ = {isa = PBXFileReference; lastKnownFileType = text.plist.strings; name = en; path = en.lproj/InfoPlist.strings; sourceTree = "<group>"; };
		F93F05661992B6F500CB66D8 /* ZaHunterTests.m */ = {isa = PBXFileReference; lastKnownFileType = sourcecode.c.objc; path = ZaHunterTests.m; sourceTree = "<group>"; };
		F93F05731992C08E00CB66D8 /* CoreLocation.framework */ = {isa = PBXFileReference; lastKnownFileType = wrapper.framework; name = CoreLocation.framework; path = System/Library/Frameworks/CoreLocation.framework; sourceTree = SDKROOT; };
		F93F0575199314CA00CB66D8 /* Pizzaria.h */ = {isa = PBXFileReference; fileEncoding = 4; lastKnownFileType = sourcecode.c.h; path = Pizzaria.h; sourceTree = "<group>"; };
		F93F0576199314CA00CB66D8 /* Pizzaria.m */ = {isa = PBXFileReference; fileEncoding = 4; lastKnownFileType = sourcecode.c.objc; path = Pizzaria.m; sourceTree = "<group>"; };
/* End PBXFileReference section */

/* Begin PBXFrameworksBuildPhase section */
		F93F05351992B6F500CB66D8 /* Frameworks */ = {
			isa = PBXFrameworksBuildPhase;
			buildActionMask = 2147483647;
			files = (
				F93F05741992C08E00CB66D8 /* CoreLocation.framework in Frameworks */,
				F93F053E1992B6F500CB66D8 /* CoreGraphics.framework in Frameworks */,
				F93F05401992B6F500CB66D8 /* UIKit.framework in Frameworks */,
				F93F053C1992B6F500CB66D8 /* Foundation.framework in Frameworks */,
			);
			runOnlyForDeploymentPostprocessing = 0;
		};
		F93F05561992B6F500CB66D8 /* Frameworks */ = {
			isa = PBXFrameworksBuildPhase;
			buildActionMask = 2147483647;
			files = (
				F93F055B1992B6F500CB66D8 /* XCTest.framework in Frameworks */,
				F93F055D1992B6F500CB66D8 /* UIKit.framework in Frameworks */,
				F93F055C1992B6F500CB66D8 /* Foundation.framework in Frameworks */,
			);
			runOnlyForDeploymentPostprocessing = 0;
		};
/* End PBXFrameworksBuildPhase section */

/* Begin PBXGroup section */
		F93F052F1992B6F500CB66D8 = {
			isa = PBXGroup;
			children = (
				F93F05411992B6F500CB66D8 /* ZaHunter */,
				F93F05601992B6F500CB66D8 /* ZaHunterTests */,
				F93F053A1992B6F500CB66D8 /* Frameworks */,
				F93F05391992B6F500CB66D8 /* Products */,
			);
			sourceTree = "<group>";
		};
		F93F05391992B6F500CB66D8 /* Products */ = {
			isa = PBXGroup;
			children = (
				F93F05381992B6F500CB66D8 /* ZaHunter.app */,
				F93F05591992B6F500CB66D8 /* ZaHunterTests.xctest */,
			);
			name = Products;
			sourceTree = "<group>";
		};
		F93F053A1992B6F500CB66D8 /* Frameworks */ = {
			isa = PBXGroup;
			children = (
				F93F05731992C08E00CB66D8 /* CoreLocation.framework */,
				F93F053B1992B6F500CB66D8 /* Foundation.framework */,
				F93F053D1992B6F500CB66D8 /* CoreGraphics.framework */,
				F93F053F1992B6F500CB66D8 /* UIKit.framework */,
				F93F055A1992B6F500CB66D8 /* XCTest.framework */,
			);
			name = Frameworks;
			sourceTree = "<group>";
		};
		F93F05411992B6F500CB66D8 /* ZaHunter */ = {
			isa = PBXGroup;
			children = (
				F93F054A1992B6F500CB66D8 /* AppDelegate.h */,
				F93F054B1992B6F500CB66D8 /* AppDelegate.m */,
				F93F054D1992B6F500CB66D8 /* Main.storyboard */,
				F93F05501992B6F500CB66D8 /* ViewController.h */,
				F93F05511992B6F500CB66D8 /* ViewController.m */,
				F93F05531992B6F500CB66D8 /* Images.xcassets */,
				F93F05421992B6F500CB66D8 /* Supporting Files */,
				F93F0575199314CA00CB66D8 /* Pizzaria.h */,
				F93F0576199314CA00CB66D8 /* Pizzaria.m */,
			);
			path = ZaHunter;
			sourceTree = "<group>";
		};
		F93F05421992B6F500CB66D8 /* Supporting Files */ = {
			isa = PBXGroup;
			children = (
				F93F05431992B6F500CB66D8 /* ZaHunter-Info.plist */,
				F93F05441992B6F500CB66D8 /* InfoPlist.strings */,
				F93F05471992B6F500CB66D8 /* main.m */,
				F93F05491992B6F500CB66D8 /* ZaHunter-Prefix.pch */,
			);
			name = "Supporting Files";
			sourceTree = "<group>";
		};
		F93F05601992B6F500CB66D8 /* ZaHunterTests */ = {
			isa = PBXGroup;
			children = (
				F93F05661992B6F500CB66D8 /* ZaHunterTests.m */,
				F93F05611992B6F500CB66D8 /* Supporting Files */,
			);
			path = ZaHunterTests;
			sourceTree = "<group>";
		};
		F93F05611992B6F500CB66D8 /* Supporting Files */ = {
			isa = PBXGroup;
			children = (
				F93F05621992B6F500CB66D8 /* ZaHunterTests-Info.plist */,
				F93F05631992B6F500CB66D8 /* InfoPlist.strings */,
			);
			name = "Supporting Files";
			sourceTree = "<group>";
		};
/* End PBXGroup section */

/* Begin PBXNativeTarget section */
		F93F05371992B6F500CB66D8 /* ZaHunter */ = {
			isa = PBXNativeTarget;
			buildConfigurationList = F93F056A1992B6F500CB66D8 /* Build configuration list for PBXNativeTarget "ZaHunter" */;
			buildPhases = (
				F93F05341992B6F500CB66D8 /* Sources */,
				F93F05351992B6F500CB66D8 /* Frameworks */,
				F93F05361992B6F500CB66D8 /* Resources */,
			);
			buildRules = (
			);
			dependencies = (
			);
			name = ZaHunter;
			productName = ZaHunter;
			productReference = F93F05381992B6F500CB66D8 /* ZaHunter.app */;
			productType = "com.apple.product-type.application";
		};
		F93F05581992B6F500CB66D8 /* ZaHunterTests */ = {
			isa = PBXNativeTarget;
			buildConfigurationList = F93F056D1992B6F500CB66D8 /* Build configuration list for PBXNativeTarget "ZaHunterTests" */;
			buildPhases = (
				F93F05551992B6F500CB66D8 /* Sources */,
				F93F05561992B6F500CB66D8 /* Frameworks */,
				F93F05571992B6F500CB66D8 /* Resources */,
			);
			buildRules = (
			);
			dependencies = (
				F93F055F1992B6F500CB66D8 /* PBXTargetDependency */,
			);
			name = ZaHunterTests;
			productName = ZaHunterTests;
			productReference = F93F05591992B6F500CB66D8 /* ZaHunterTests.xctest */;
			productType = "com.apple.product-type.bundle.unit-test";
		};
/* End PBXNativeTarget section */

/* Begin PBXProject section */
		F93F05301992B6F500CB66D8 /* Project object */ = {
			isa = PBXProject;
			attributes = {
				LastUpgradeCheck = 0510;
				ORGANIZATIONNAME = "___FULLUSERNAME___";
				TargetAttributes = {
					F93F05581992B6F500CB66D8 = {
						TestTargetID = F93F05371992B6F500CB66D8;
					};
				};
			};
			buildConfigurationList = F93F05331992B6F500CB66D8 /* Build configuration list for PBXProject "ZaHunter" */;
			compatibilityVersion = "Xcode 3.2";
			developmentRegion = English;
			hasScannedForEncodings = 0;
			knownRegions = (
				en,
				Base,
			);
			mainGroup = F93F052F1992B6F500CB66D8;
			productRefGroup = F93F05391992B6F500CB66D8 /* Products */;
			projectDirPath = "";
			projectRoot = "";
			targets = (
				F93F05371992B6F500CB66D8 /* ZaHunter */,
				F93F05581992B6F500CB66D8 /* ZaHunterTests */,
			);
		};
/* End PBXProject section */

/* Begin PBXResourcesBuildPhase section */
		F93F05361992B6F500CB66D8 /* Resources */ = {
			isa = PBXResourcesBuildPhase;
			buildActionMask = 2147483647;
			files = (
				F93F05541992B6F500CB66D8 /* Images.xcassets in Resources */,
				F93F05461992B6F500CB66D8 /* InfoPlist.strings in Resources */,
				F93F054F1992B6F500CB66D8 /* Main.storyboard in Resources */,
			);
			runOnlyForDeploymentPostprocessing = 0;
		};
		F93F05571992B6F500CB66D8 /* Resources */ = {
			isa = PBXResourcesBuildPhase;
			buildActionMask = 2147483647;
			files = (
				F93F05651992B6F500CB66D8 /* InfoPlist.strings in Resources */,
			);
			runOnlyForDeploymentPostprocessing = 0;
		};
/* End PBXResourcesBuildPhase section */

/* Begin PBXSourcesBuildPhase section */
		F93F05341992B6F500CB66D8 /* Sources */ = {
			isa = PBXSourcesBuildPhase;
			buildActionMask = 2147483647;
			files = (
				F93F05521992B6F500CB66D8 /* ViewController.m in Sources */,
				F93F054C1992B6F500CB66D8 /* AppDelegate.m in Sources */,
				F93F05481992B6F500CB66D8 /* main.m in Sources */,
				F93F0577199314CA00CB66D8 /* Pizzaria.m in Sources */,
			);
			runOnlyForDeploymentPostprocessing = 0;
		};
		F93F05551992B6F500CB66D8 /* Sources */ = {
			isa = PBXSourcesBuildPhase;
			buildActionMask = 2147483647;
			files = (
				F93F05671992B6F500CB66D8 /* ZaHunterTests.m in Sources */,
			);
			runOnlyForDeploymentPostprocessing = 0;
		};
/* End PBXSourcesBuildPhase section */

/* Begin PBXTargetDependency section */
		F93F055F1992B6F500CB66D8 /* PBXTargetDependency */ = {
			isa = PBXTargetDependency;
			target = F93F05371992B6F500CB66D8 /* ZaHunter */;
			targetProxy = F93F055E1992B6F500CB66D8 /* PBXContainerItemProxy */;
		};
/* End PBXTargetDependency section */

/* Begin PBXVariantGroup section */
		F93F05441992B6F500CB66D8 /* InfoPlist.strings */ = {
			isa = PBXVariantGroup;
			children = (
				F93F05451992B6F500CB66D8 /* en */,
			);
			name = InfoPlist.strings;
			sourceTree = "<group>";
		};
		F93F054D1992B6F500CB66D8 /* Main.storyboard */ = {
			isa = PBXVariantGroup;
			children = (
				F93F054E1992B6F500CB66D8 /* Base */,
			);
			name = Main.storyboard;
			sourceTree = "<group>";
		};
		F93F05631992B6F500CB66D8 /* InfoPlist.strings */ = {
			isa = PBXVariantGroup;
			children = (
				F93F05641992B6F500CB66D8 /* en */,
			);
			name = InfoPlist.strings;
			sourceTree = "<group>";
		};
/* End PBXVariantGroup section */

/* Begin XCBuildConfiguration section */
		F93F05681992B6F500CB66D8 /* Debug */ = {
			isa = XCBuildConfiguration;
			buildSettings = {
				ALWAYS_SEARCH_USER_PATHS = NO;
				CLANG_CXX_LANGUAGE_STANDARD = "gnu++0x";
				CLANG_CXX_LIBRARY = "libc++";
				CLANG_ENABLE_MODULES = YES;
				CLANG_ENABLE_OBJC_ARC = YES;
				CLANG_WARN_BOOL_CONVERSION = YES;
				CLANG_WARN_CONSTANT_CONVERSION = YES;
				CLANG_WARN_DIRECT_OBJC_ISA_USAGE = YES_ERROR;
				CLANG_WARN_EMPTY_BODY = YES;
				CLANG_WARN_ENUM_CONVERSION = YES;
				CLANG_WARN_INT_CONVERSION = YES;
				CLANG_WARN_OBJC_ROOT_CLASS = YES_ERROR;
				CLANG_WARN__DUPLICATE_METHOD_MATCH = YES;
				"CODE_SIGN_IDENTITY[sdk=iphoneos*]" = "iPhone Developer";
				COPY_PHASE_STRIP = NO;
				GCC_C_LANGUAGE_STANDARD = gnu99;
				GCC_DYNAMIC_NO_PIC = NO;
				GCC_OPTIMIZATION_LEVEL = 0;
				GCC_PREPROCESSOR_DEFINITIONS = (
					"DEBUG=1",
					"$(inherited)",
				);
				GCC_SYMBOLS_PRIVATE_EXTERN = NO;
				GCC_WARN_64_TO_32_BIT_CONVERSION = YES;
				GCC_WARN_ABOUT_RETURN_TYPE = YES_ERROR;
				GCC_WARN_UNDECLARED_SELECTOR = YES;
				GCC_WARN_UNINITIALIZED_AUTOS = YES_AGGRESSIVE;
				GCC_WARN_UNUSED_FUNCTION = YES;
				GCC_WARN_UNUSED_VARIABLE = YES;
				IPHONEOS_DEPLOYMENT_TARGET = 7.1;
				ONLY_ACTIVE_ARCH = YES;
				SDKROOT = iphoneos;
			};
			name = Debug;
		};
		F93F05691992B6F500CB66D8 /* Release */ = {
			isa = XCBuildConfiguration;
			buildSettings = {
				ALWAYS_SEARCH_USER_PATHS = NO;
				CLANG_CXX_LANGUAGE_STANDARD = "gnu++0x";
				CLANG_CXX_LIBRARY = "libc++";
				CLANG_ENABLE_MODULES = YES;
				CLANG_ENABLE_OBJC_ARC = YES;
				CLANG_WARN_BOOL_CONVERSION = YES;
				CLANG_WARN_CONSTANT_CONVERSION = YES;
				CLANG_WARN_DIRECT_OBJC_ISA_USAGE = YES_ERROR;
				CLANG_WARN_EMPTY_BODY = YES;
				CLANG_WARN_ENUM_CONVERSION = YES;
				CLANG_WARN_INT_CONVERSION = YES;
				CLANG_WARN_OBJC_ROOT_CLASS = YES_ERROR;
				CLANG_WARN__DUPLICATE_METHOD_MATCH = YES;
				"CODE_SIGN_IDENTITY[sdk=iphoneos*]" = "iPhone Developer";
				COPY_PHASE_STRIP = YES;
				ENABLE_NS_ASSERTIONS = NO;
				GCC_C_LANGUAGE_STANDARD = gnu99;
				GCC_WARN_64_TO_32_BIT_CONVERSION = YES;
				GCC_WARN_ABOUT_RETURN_TYPE = YES_ERROR;
				GCC_WARN_UNDECLARED_SELECTOR = YES;
				GCC_WARN_UNINITIALIZED_AUTOS = YES_AGGRESSIVE;
				GCC_WARN_UNUSED_FUNCTION = YES;
				GCC_WARN_UNUSED_VARIABLE = YES;
				IPHONEOS_DEPLOYMENT_TARGET = 7.1;
				SDKROOT = iphoneos;
				VALIDATE_PRODUCT = YES;
			};
			name = Release;
		};
		F93F056B1992B6F500CB66D8 /* Debug */ = {
			isa = XCBuildConfiguration;
			buildSettings = {
				ASSETCATALOG_COMPILER_APPICON_NAME = AppIcon;
				ASSETCATALOG_COMPILER_LAUNCHIMAGE_NAME = LaunchImage;
				GCC_PRECOMPILE_PREFIX_HEADER = YES;
				GCC_PREFIX_HEADER = "ZaHunter/ZaHunter-Prefix.pch";
				INFOPLIST_FILE = "ZaHunter/ZaHunter-Info.plist";
				PRODUCT_NAME = "$(TARGET_NAME)";
				WRAPPER_EXTENSION = app;
			};
			name = Debug;
		};
		F93F056C1992B6F500CB66D8 /* Release */ = {
			isa = XCBuildConfiguration;
			buildSettings = {
				ASSETCATALOG_COMPILER_APPICON_NAME = AppIcon;
				ASSETCATALOG_COMPILER_LAUNCHIMAGE_NAME = LaunchImage;
				GCC_PRECOMPILE_PREFIX_HEADER = YES;
				GCC_PREFIX_HEADER = "ZaHunter/ZaHunter-Prefix.pch";
				INFOPLIST_FILE = "ZaHunter/ZaHunter-Info.plist";
				PRODUCT_NAME = "$(TARGET_NAME)";
				WRAPPER_EXTENSION = app;
			};
			name = Release;
		};
		F93F056E1992B6F500CB66D8 /* Debug */ = {
			isa = XCBuildConfiguration;
			buildSettings = {
				BUNDLE_LOADER = "$(BUILT_PRODUCTS_DIR)/ZaHunter.app/ZaHunter";
				FRAMEWORK_SEARCH_PATHS = (
					"$(SDKROOT)/Developer/Library/Frameworks",
					"$(inherited)",
					"$(DEVELOPER_FRAMEWORKS_DIR)",
				);
				GCC_PRECOMPILE_PREFIX_HEADER = YES;
				GCC_PREFIX_HEADER = "ZaHunter/ZaHunter-Prefix.pch";
				GCC_PREPROCESSOR_DEFINITIONS = (
					"DEBUG=1",
					"$(inherited)",
				);
				INFOPLIST_FILE = "ZaHunterTests/ZaHunterTests-Info.plist";
				PRODUCT_NAME = "$(TARGET_NAME)";
				TEST_HOST = "$(BUNDLE_LOADER)";
				WRAPPER_EXTENSION = xctest;
			};
			name = Debug;
		};
		F93F056F1992B6F500CB66D8 /* Release */ = {
			isa = XCBuildConfiguration;
			buildSettings = {
				BUNDLE_LOADER = "$(BUILT_PRODUCTS_DIR)/ZaHunter.app/ZaHunter";
				FRAMEWORK_SEARCH_PATHS = (
					"$(SDKROOT)/Developer/Library/Frameworks",
					"$(inherited)",
					"$(DEVELOPER_FRAMEWORKS_DIR)",
				);
				GCC_PRECOMPILE_PREFIX_HEADER = YES;
				GCC_PREFIX_HEADER = "ZaHunter/ZaHunter-Prefix.pch";
				INFOPLIST_FILE = "ZaHunterTests/ZaHunterTests-Info.plist";
				PRODUCT_NAME = "$(TARGET_NAME)";
				TEST_HOST = "$(BUNDLE_LOADER)";
				WRAPPER_EXTENSION = xctest;
			};
			name = Release;
		};
/* End XCBuildConfiguration section */

/* Begin XCConfigurationList section */
		F93F05331992B6F500CB66D8 /* Build configuration list for PBXProject "ZaHunter" */ = {
			isa = XCConfigurationList;
			buildConfigurations = (
				F93F05681992B6F500CB66D8 /* Debug */,
				F93F05691992B6F500CB66D8 /* Release */,
			);
			defaultConfigurationIsVisible = 0;
			defaultConfigurationName = Release;
		};
		F93F056A1992B6F500CB66D8 /* Build configuration list for PBXNativeTarget "ZaHunter" */ = {
			isa = XCConfigurationList;
			buildConfigurations = (
				F93F056B1992B6F500CB66D8 /* Debug */,
				F93F056C1992B6F500CB66D8 /* Release */,
			);
			defaultConfigurationIsVisible = 0;
		};
		F93F056D1992B6F500CB66D8 /* Build configuration list for PBXNativeTarget "ZaHunterTests" */ = {
			isa = XCConfigurationList;
			buildConfigurations = (
				F93F056E1992B6F500CB66D8 /* Debug */,
				F93F056F1992B6F500CB66D8 /* Release */,
			);
			defaultConfigurationIsVisible = 0;
		};
/* End XCConfigurationList section */
	};
	rootObject = F93F05301992B6F500CB66D8 /* Project object */;
}
